
Microsoft Visual Studio Solution File, Format Version 12.00
# Visual Studio Version 17
VisualStudioVersion = 17.9.34728.123
MinimumVisualStudioVersion = 10.0.40219.1
Project("{8BC9CEB8-8B4A-11D0-8D11-00A0C91BC942}") = "AlphaVantageAPI", "AlphaVantageAPI.vcxproj", "{57908FB2-D94B-4D6F-AE39-EF634D714D31}"
EndProject
Global
	GlobalSection(SolutionConfigurationPlatforms) = preSolution
		Debug|x64 = Debug|x64
		Debug|x86 = Debug|x86
		Release|x64 = Release|x64
		Release|x86 = Release|x86
	EndGlobalSection
	GlobalSection(ProjectConfigurationPlatforms) = postSolution
		{57908FB2-D94B-4D6F-AE39-EF634D714D31}.Debug|x64.ActiveCfg = Debug|x64
		{57908FB2-D94B-4D6F-AE39-EF634D714D31}.Debug|x64.Build.0 = Debug|x64
		{57908FB2-D94B-4D6F-AE39-EF634D714D31}.Debug|x86.ActiveCfg = Debug|Win32
		{57908FB2-D94B-4D6F-AE39-EF634D714D31}.Debug|x86.Build.0 = Debug|Win32
		{57908FB2-D94B-4D6F-AE39-EF634D714D31}.Release|x64.ActiveCfg = Release|x64
		{57908FB2-D94B-4D6F-AE39-EF634D714D31}.Release|x64.Build.0 = Release|x64
		{57908FB2-D94B-4D6F-AE39-EF634D714D31}.Release|x86.ActiveCfg = Release|Win32
		{57908FB2-D94B-4D6F-AE39-EF634D714D31}.Release|x86.Build.0 = Release|Win32
	EndGlobalSection
	GlobalSection(SolutionProperties) = preSolution
		HideSolutionNode = FALSE
	EndGlobalSection
	GlobalSection(ExtensibilityGlobals) = postSolution
		SolutionGuid = {A7D7C0D8-EA5F-46AE-A489-3025001007BD}
	EndGlobalSection
EndGlobal
